
Microsoft Visual Studio Solution File, Format Version 12.00
# Visual Studio Version 17
VisualStudioVersion = 17.0.31903.59
MinimumVisualStudioVersion = 10.0.40219.1
Project("{2150E333-8FDC-42A3-9474-1A3956D46DE8}") = "src", "src", "{827E0CD3-B72D-47B6-A68D-7590B98EB39B}"
EndProject
Project("{FAE04EC0-301F-11D3-BF4B-00C04F79EFBC}") = "Zentient.Codes", "src\Zentient.Codes\Zentient.Codes.csproj", "{60986052-D7B0-40ED-95EB-60A9542C1DDA}"
EndProject
Project("{2150E333-8FDC-42A3-9474-1A3956D46DE8}") = "tests", "tests", "{0AB3BF05-4346-4AA6-1389-037BE0695223}"
EndProject
Project("{FAE04EC0-301F-11D3-BF4B-00C04F79EFBC}") = "Zentient.Codes.Tests", "tests\Zentient.Codes.Tests\Zentient.Codes.Tests.csproj", "{E5CE4FD0-311C-4EFC-88A3-73E7287645AF}"
EndProject
Project("{FAE04EC0-301F-11D3-BF4B-00C04F79EFBC}") = "Zentient.Codes.Analyzers", "src\Zentient.Codes.Analyzers\Zentient.Codes.Analyzers.csproj", "{DAFF1C23-69FB-427C-9387-B5D3532A383D}"
EndProject
Project("{2150E333-8FDC-42A3-9474-1A3956D46DE8}") = "GitHub Actions", "GitHub Actions", "{02EA681E-C7D8-13C7-8484-4AC65E1B71E8}"
	ProjectSection(SolutionItems) = preProject
		.github\workflows\ci-cd.yml = .github\workflows\ci-cd.yml
	EndProjectSection
EndProject
Project("{2150E333-8FDC-42A3-9474-1A3956D46DE8}") = "Solution files", "Solution files", "{B616EA50-B355-4E98-9871-88AB61FAD0B8}"
	ProjectSection(SolutionItems) = preProject
		Dockerfile = Dockerfile
		global.json = global.json
	EndProjectSection
EndProject
Global
	GlobalSection(SolutionConfigurationPlatforms) = preSolution
		Debug|Any CPU = Debug|Any CPU
		Debug|x64 = Debug|x64
		Debug|x86 = Debug|x86
		Release|Any CPU = Release|Any CPU
		Release|x64 = Release|x64
		Release|x86 = Release|x86
	EndGlobalSection
	GlobalSection(ProjectConfigurationPlatforms) = postSolution
		{60986052-D7B0-40ED-95EB-60A9542C1DDA}.Debug|Any CPU.ActiveCfg = Debug|Any CPU
		{60986052-D7B0-40ED-95EB-60A9542C1DDA}.Debug|Any CPU.Build.0 = Debug|Any CPU
		{60986052-D7B0-40ED-95EB-60A9542C1DDA}.Debug|x64.ActiveCfg = Debug|Any CPU
		{60986052-D7B0-40ED-95EB-60A9542C1DDA}.Debug|x64.Build.0 = Debug|Any CPU
		{60986052-D7B0-40ED-95EB-60A9542C1DDA}.Debug|x86.ActiveCfg = Debug|Any CPU
		{60986052-D7B0-40ED-95EB-60A9542C1DDA}.Debug|x86.Build.0 = Debug|Any CPU
		{60986052-D7B0-40ED-95EB-60A9542C1DDA}.Release|Any CPU.ActiveCfg = Release|Any CPU
		{60986052-D7B0-40ED-95EB-60A9542C1DDA}.Release|Any CPU.Build.0 = Release|Any CPU
		{60986052-D7B0-40ED-95EB-60A9542C1DDA}.Release|x64.ActiveCfg = Release|Any CPU
		{60986052-D7B0-40ED-95EB-60A9542C1DDA}.Release|x64.Build.0 = Release|Any CPU
		{60986052-D7B0-40ED-95EB-60A9542C1DDA}.Release|x86.ActiveCfg = Release|Any CPU
		{60986052-D7B0-40ED-95EB-60A9542C1DDA}.Release|x86.Build.0 = Release|Any CPU
		{E5CE4FD0-311C-4EFC-88A3-73E7287645AF}.Debug|Any CPU.ActiveCfg = Debug|Any CPU
		{E5CE4FD0-311C-4EFC-88A3-73E7287645AF}.Debug|Any CPU.Build.0 = Debug|Any CPU
		{E5CE4FD0-311C-4EFC-88A3-73E7287645AF}.Debug|x64.ActiveCfg = Debug|Any CPU
		{E5CE4FD0-311C-4EFC-88A3-73E7287645AF}.Debug|x64.Build.0 = Debug|Any CPU
		{E5CE4FD0-311C-4EFC-88A3-73E7287645AF}.Debug|x86.ActiveCfg = Debug|Any CPU
		{E5CE4FD0-311C-4EFC-88A3-73E7287645AF}.Debug|x86.Build.0 = Debug|Any CPU
		{E5CE4FD0-311C-4EFC-88A3-73E7287645AF}.Release|Any CPU.ActiveCfg = Release|Any CPU
		{E5CE4FD0-311C-4EFC-88A3-73E7287645AF}.Release|Any CPU.Build.0 = Release|Any CPU
		{E5CE4FD0-311C-4EFC-88A3-73E7287645AF}.Release|x64.ActiveCfg = Release|Any CPU
		{E5CE4FD0-311C-4EFC-88A3-73E7287645AF}.Release|x64.Build.0 = Release|Any CPU
		{E5CE4FD0-311C-4EFC-88A3-73E7287645AF}.Release|x86.ActiveCfg = Release|Any CPU
		{E5CE4FD0-311C-4EFC-88A3-73E7287645AF}.Release|x86.Build.0 = Release|Any CPU
		{DAFF1C23-69FB-427C-9387-B5D3532A383D}.Debug|Any CPU.ActiveCfg = Debug|Any CPU
		{DAFF1C23-69FB-427C-9387-B5D3532A383D}.Debug|Any CPU.Build.0 = Debug|Any CPU
		{DAFF1C23-69FB-427C-9387-B5D3532A383D}.Debug|x64.ActiveCfg = Debug|Any CPU
		{DAFF1C23-69FB-427C-9387-B5D3532A383D}.Debug|x64.Build.0 = Debug|Any CPU
		{DAFF1C23-69FB-427C-9387-B5D3532A383D}.Debug|x86.ActiveCfg = Debug|Any CPU
		{DAFF1C23-69FB-427C-9387-B5D3532A383D}.Debug|x86.Build.0 = Debug|Any CPU
		{DAFF1C23-69FB-427C-9387-B5D3532A383D}.Release|Any CPU.ActiveCfg = Release|Any CPU
		{DAFF1C23-69FB-427C-9387-B5D3532A383D}.Release|Any CPU.Build.0 = Release|Any CPU
		{DAFF1C23-69FB-427C-9387-B5D3532A383D}.Release|x64.ActiveCfg = Release|Any CPU
		{DAFF1C23-69FB-427C-9387-B5D3532A383D}.Release|x64.Build.0 = Release|Any CPU
		{DAFF1C23-69FB-427C-9387-B5D3532A383D}.Release|x86.ActiveCfg = Release|Any CPU
		{DAFF1C23-69FB-427C-9387-B5D3532A383D}.Release|x86.Build.0 = Release|Any CPU
	EndGlobalSection
	GlobalSection(SolutionProperties) = preSolution
		HideSolutionNode = FALSE
	EndGlobalSection
	GlobalSection(NestedProjects) = preSolution
		{60986052-D7B0-40ED-95EB-60A9542C1DDA} = {827E0CD3-B72D-47B6-A68D-7590B98EB39B}
		{E5CE4FD0-311C-4EFC-88A3-73E7287645AF} = {0AB3BF05-4346-4AA6-1389-037BE0695223}
		{DAFF1C23-69FB-427C-9387-B5D3532A383D} = {827E0CD3-B72D-47B6-A68D-7590B98EB39B}
	EndGlobalSection
	GlobalSection(ExtensibilityGlobals) = postSolution
		SolutionGuid = {FFA6DE12-EC6F-487D-95A6-448056FA86CA}
	EndGlobalSection
EndGlobal
